// !$*UTF8*$!
{
	archiveVersion = 1;
	classes = {
	};
	objectVersion = 56;
	objects = {

/* Begin PBXBuildFile section */
		CE039AFF2CCCE29C00382EB5 /* AVNodeMusicPlayer.swift in Sources */ = {isa = PBXBuildFile; fileRef = CE039AFE2CCCE29C00382EB5 /* AVNodeMusicPlayer.swift */; };
		CE039B032CCCF39F00382EB5 /* MainPlayerView.swift in Sources */ = {isa = PBXBuildFile; fileRef = CE039B022CCCF39800382EB5 /* MainPlayerView.swift */; };
		CE039B062CCD126800382EB5 /* Padding+.swift in Sources */ = {isa = PBXBuildFile; fileRef = CE039B052CCD115C00382EB5 /* Padding+.swift */; };
		CE039B082CCD18AD00382EB5 /* KnoblessProgressbar.swift in Sources */ = {isa = PBXBuildFile; fileRef = CE039B072CCD18A400382EB5 /* KnoblessProgressbar.swift */; };
		CE8686442CAF20CB00C141CB /* m3u8playerApp.swift in Sources */ = {isa = PBXBuildFile; fileRef = CE8686432CAF20CB00C141CB /* m3u8playerApp.swift */; };
		CE8686462CAF20CB00C141CB /* MainView.swift in Sources */ = {isa = PBXBuildFile; fileRef = CE8686452CAF20CB00C141CB /* MainView.swift */; };
		CE8686482CAF20CC00C141CB /* Assets.xcassets in Resources */ = {isa = PBXBuildFile; fileRef = CE8686472CAF20CC00C141CB /* Assets.xcassets */; };
		CE86864C2CAF20CC00C141CB /* Preview Assets.xcassets in Resources */ = {isa = PBXBuildFile; fileRef = CE86864B2CAF20CC00C141CB /* Preview Assets.xcassets */; };
		CE8686562CAF20CD00C141CB /* m3u8playerTests.swift in Sources */ = {isa = PBXBuildFile; fileRef = CE8686552CAF20CD00C141CB /* m3u8playerTests.swift */; };
		CE8686602CAF20CD00C141CB /* m3u8playerUITests.swift in Sources */ = {isa = PBXBuildFile; fileRef = CE86865F2CAF20CD00C141CB /* m3u8playerUITests.swift */; };
		CE8686622CAF20CD00C141CB /* m3u8playerUITestsLaunchTests.swift in Sources */ = {isa = PBXBuildFile; fileRef = CE8686612CAF20CD00C141CB /* m3u8playerUITestsLaunchTests.swift */; };
		CE8686702CAF20E600C141CB /* ComposableArchitecture in Frameworks */ = {isa = PBXBuildFile; productRef = CE86866F2CAF20E600C141CB /* ComposableArchitecture */; };
		CE8686742CAF276400C141CB /* VideoData.swift in Sources */ = {isa = PBXBuildFile; fileRef = CE8686732CAF276400C141CB /* VideoData.swift */; };
		CE8686762CAF27F900C141CB /* DummyData.swift in Sources */ = {isa = PBXBuildFile; fileRef = CE8686752CAF27F900C141CB /* DummyData.swift */; };
		CE8686792CAF29AA00C141CB /* Card.swift in Sources */ = {isa = PBXBuildFile; fileRef = CE8686782CAF29AA00C141CB /* Card.swift */; };
		CE86867C2CAF2E7600C141CB /* PlayerView.swift in Sources */ = {isa = PBXBuildFile; fileRef = CE86867B2CAF2E7600C141CB /* PlayerView.swift */; };
		CEA067D12CB168EC00E8525F /* EditView.swift in Sources */ = {isa = PBXBuildFile; fileRef = CEA067D02CB168EC00E8525F /* EditView.swift */; };
		CEA067D82CB1BB8D00E8525F /* AddView.swift in Sources */ = {isa = PBXBuildFile; fileRef = CEA067D72CB1BB8D00E8525F /* AddView.swift */; };
		CEA067DA2CB1BBF200E8525F /* VideoDataFeature.swift in Sources */ = {isa = PBXBuildFile; fileRef = CEA067D92CB1BBF200E8525F /* VideoDataFeature.swift */; };
		CEAB1EB92CBC56090095445B /* NetworkRepository.swift in Sources */ = {isa = PBXBuildFile; fileRef = CEAB1EB72CBC55FD0095445B /* NetworkRepository.swift */; };
		CEAB1EBD2CBC56CD0095445B /* NetworkRepositoryImpl.swift in Sources */ = {isa = PBXBuildFile; fileRef = CEAB1EBC2CBC56C60095445B /* NetworkRepositoryImpl.swift */; };
		CEAB1EC02CBC63810095445B /* NetworkAudioHandler.swift in Sources */ = {isa = PBXBuildFile; fileRef = CEAB1EBF2CBC637B0095445B /* NetworkAudioHandler.swift */; };
		CEB507742CBAE01D00F0D117 /* MusicPlayer.swift in Sources */ = {isa = PBXBuildFile; fileRef = CEB507732CBAE01A00F0D117 /* MusicPlayer.swift */; };
		CEB507772CBAE57C00F0D117 /* PlayerFeature.swift in Sources */ = {isa = PBXBuildFile; fileRef = CEB507762CBAE57600F0D117 /* PlayerFeature.swift */; };
		CEB507792CBB165000F0D117 /* CustomSlider.swift in Sources */ = {isa = PBXBuildFile; fileRef = CEB507782CBB164800F0D117 /* CustomSlider.swift */; };
		CEE657EA2CBAABBE00C9D2E9 /* BottomNavigationTabItem.swift in Sources */ = {isa = PBXBuildFile; fileRef = CEE657E92CBAABAE00C9D2E9 /* BottomNavigationTabItem.swift */; };
		CEE657EC2CBABB2A00C9D2E9 /* RootView.swift in Sources */ = {isa = PBXBuildFile; fileRef = CEE657EB2CBABB2600C9D2E9 /* RootView.swift */; };
		CEE657F02CBAC4C100C9D2E9 /* PlaceholderView.swift in Sources */ = {isa = PBXBuildFile; fileRef = CEE657EF2CBAC4BD00C9D2E9 /* PlaceholderView.swift */; };
/* End PBXBuildFile section */

/* Begin PBXContainerItemProxy section */
		CE8686522CAF20CD00C141CB /* PBXContainerItemProxy */ = {
			isa = PBXContainerItemProxy;
			containerPortal = CE8686382CAF20CB00C141CB /* Project object */;
			proxyType = 1;
			remoteGlobalIDString = CE86863F2CAF20CB00C141CB;
			remoteInfo = m3u8player;
		};
		CE86865C2CAF20CD00C141CB /* PBXContainerItemProxy */ = {
			isa = PBXContainerItemProxy;
			containerPortal = CE8686382CAF20CB00C141CB /* Project object */;
			proxyType = 1;
			remoteGlobalIDString = CE86863F2CAF20CB00C141CB;
			remoteInfo = m3u8player;
		};
/* End PBXContainerItemProxy section */

/* Begin PBXFileReference section */
		CE039AFE2CCCE29C00382EB5 /* AVNodeMusicPlayer.swift */ = {isa = PBXFileReference; lastKnownFileType = sourcecode.swift; path = AVNodeMusicPlayer.swift; sourceTree = "<group>"; };
		CE039B022CCCF39800382EB5 /* MainPlayerView.swift */ = {isa = PBXFileReference; lastKnownFileType = sourcecode.swift; path = MainPlayerView.swift; sourceTree = "<group>"; };
		CE039B052CCD115C00382EB5 /* Padding+.swift */ = {isa = PBXFileReference; lastKnownFileType = sourcecode.swift; path = "Padding+.swift"; sourceTree = "<group>"; };
		CE039B072CCD18A400382EB5 /* KnoblessProgressbar.swift */ = {isa = PBXFileReference; lastKnownFileType = sourcecode.swift; path = KnoblessProgressbar.swift; sourceTree = "<group>"; };
		CE8686402CAF20CB00C141CB /* m3u8player.app */ = {isa = PBXFileReference; explicitFileType = wrapper.application; includeInIndex = 0; path = m3u8player.app; sourceTree = BUILT_PRODUCTS_DIR; };
		CE8686432CAF20CB00C141CB /* m3u8playerApp.swift */ = {isa = PBXFileReference; lastKnownFileType = sourcecode.swift; path = m3u8playerApp.swift; sourceTree = "<group>"; };
		CE8686452CAF20CB00C141CB /* MainView.swift */ = {isa = PBXFileReference; lastKnownFileType = sourcecode.swift; path = MainView.swift; sourceTree = "<group>"; };
		CE8686472CAF20CC00C141CB /* Assets.xcassets */ = {isa = PBXFileReference; lastKnownFileType = folder.assetcatalog; path = Assets.xcassets; sourceTree = "<group>"; };
		CE8686492CAF20CC00C141CB /* m3u8player.entitlements */ = {isa = PBXFileReference; lastKnownFileType = text.plist.entitlements; path = m3u8player.entitlements; sourceTree = "<group>"; };
		CE86864B2CAF20CC00C141CB /* Preview Assets.xcassets */ = {isa = PBXFileReference; lastKnownFileType = folder.assetcatalog; path = "Preview Assets.xcassets"; sourceTree = "<group>"; };
		CE8686512CAF20CD00C141CB /* m3u8playerTests.xctest */ = {isa = PBXFileReference; explicitFileType = wrapper.cfbundle; includeInIndex = 0; path = m3u8playerTests.xctest; sourceTree = BUILT_PRODUCTS_DIR; };
		CE8686552CAF20CD00C141CB /* m3u8playerTests.swift */ = {isa = PBXFileReference; lastKnownFileType = sourcecode.swift; path = m3u8playerTests.swift; sourceTree = "<group>"; };
		CE86865B2CAF20CD00C141CB /* m3u8playerUITests.xctest */ = {isa = PBXFileReference; explicitFileType = wrapper.cfbundle; includeInIndex = 0; path = m3u8playerUITests.xctest; sourceTree = BUILT_PRODUCTS_DIR; };
		CE86865F2CAF20CD00C141CB /* m3u8playerUITests.swift */ = {isa = PBXFileReference; lastKnownFileType = sourcecode.swift; path = m3u8playerUITests.swift; sourceTree = "<group>"; };
		CE8686612CAF20CD00C141CB /* m3u8playerUITestsLaunchTests.swift */ = {isa = PBXFileReference; lastKnownFileType = sourcecode.swift; path = m3u8playerUITestsLaunchTests.swift; sourceTree = "<group>"; };
		CE8686732CAF276400C141CB /* VideoData.swift */ = {isa = PBXFileReference; lastKnownFileType = sourcecode.swift; path = VideoData.swift; sourceTree = "<group>"; };
		CE8686752CAF27F900C141CB /* DummyData.swift */ = {isa = PBXFileReference; lastKnownFileType = sourcecode.swift; path = DummyData.swift; sourceTree = "<group>"; };
		CE8686782CAF29AA00C141CB /* Card.swift */ = {isa = PBXFileReference; lastKnownFileType = sourcecode.swift; path = Card.swift; sourceTree = "<group>"; };
		CE86867B2CAF2E7600C141CB /* PlayerView.swift */ = {isa = PBXFileReference; lastKnownFileType = sourcecode.swift; path = PlayerView.swift; sourceTree = "<group>"; };
		CEA067D02CB168EC00E8525F /* EditView.swift */ = {isa = PBXFileReference; lastKnownFileType = sourcecode.swift; path = EditView.swift; sourceTree = "<group>"; };
		CEA067D72CB1BB8D00E8525F /* AddView.swift */ = {isa = PBXFileReference; lastKnownFileType = sourcecode.swift; path = AddView.swift; sourceTree = "<group>"; };
		CEA067D92CB1BBF200E8525F /* VideoDataFeature.swift */ = {isa = PBXFileReference; lastKnownFileType = sourcecode.swift; path = VideoDataFeature.swift; sourceTree = "<group>"; };
		CEAB1EB72CBC55FD0095445B /* NetworkRepository.swift */ = {isa = PBXFileReference; lastKnownFileType = sourcecode.swift; path = NetworkRepository.swift; sourceTree = "<group>"; };
		CEAB1EBC2CBC56C60095445B /* NetworkRepositoryImpl.swift */ = {isa = PBXFileReference; lastKnownFileType = sourcecode.swift; path = NetworkRepositoryImpl.swift; sourceTree = "<group>"; };
		CEAB1EBF2CBC637B0095445B /* NetworkAudioHandler.swift */ = {isa = PBXFileReference; lastKnownFileType = sourcecode.swift; path = NetworkAudioHandler.swift; sourceTree = "<group>"; };
		CEB507732CBAE01A00F0D117 /* MusicPlayer.swift */ = {isa = PBXFileReference; lastKnownFileType = sourcecode.swift; path = MusicPlayer.swift; sourceTree = "<group>"; };
		CEB507762CBAE57600F0D117 /* PlayerFeature.swift */ = {isa = PBXFileReference; lastKnownFileType = sourcecode.swift; path = PlayerFeature.swift; sourceTree = "<group>"; };
		CEB507782CBB164800F0D117 /* CustomSlider.swift */ = {isa = PBXFileReference; lastKnownFileType = sourcecode.swift; path = CustomSlider.swift; sourceTree = "<group>"; };
		CEE657E92CBAABAE00C9D2E9 /* BottomNavigationTabItem.swift */ = {isa = PBXFileReference; lastKnownFileType = sourcecode.swift; path = BottomNavigationTabItem.swift; sourceTree = "<group>"; };
		CEE657EB2CBABB2600C9D2E9 /* RootView.swift */ = {isa = PBXFileReference; lastKnownFileType = sourcecode.swift; path = RootView.swift; sourceTree = "<group>"; };
		CEE657EF2CBAC4BD00C9D2E9 /* PlaceholderView.swift */ = {isa = PBXFileReference; lastKnownFileType = sourcecode.swift; path = PlaceholderView.swift; sourceTree = "<group>"; };
/* End PBXFileReference section */

/* Begin PBXFrameworksBuildPhase section */
		CE86863D2CAF20CB00C141CB /* Frameworks */ = {
			isa = PBXFrameworksBuildPhase;
			buildActionMask = 2147483647;
			files = (
				CE8686702CAF20E600C141CB /* ComposableArchitecture in Frameworks */,
			);
			runOnlyForDeploymentPostprocessing = 0;
		};
		CE86864E2CAF20CD00C141CB /* Frameworks */ = {
			isa = PBXFrameworksBuildPhase;
			buildActionMask = 2147483647;
			files = (
			);
			runOnlyForDeploymentPostprocessing = 0;
		};
		CE8686582CAF20CD00C141CB /* Frameworks */ = {
			isa = PBXFrameworksBuildPhase;
			buildActionMask = 2147483647;
			files = (
			);
			runOnlyForDeploymentPostprocessing = 0;
		};
/* End PBXFrameworksBuildPhase section */

/* Begin PBXGroup section */
		CE039B002CCCF33C00382EB5 /* MainView */ = {
			isa = PBXGroup;
			children = (
				CE8686782CAF29AA00C141CB /* Card.swift */,
			);
			path = MainView;
			sourceTree = "<group>";
		};
		CE039B012CCCF34E00382EB5 /* PlayerView */ = {
			isa = PBXGroup;
			children = (
				CE039B072CCD18A400382EB5 /* KnoblessProgressbar.swift */,
				CE039B022CCCF39800382EB5 /* MainPlayerView.swift */,
				CEB507782CBB164800F0D117 /* CustomSlider.swift */,
			);
			path = PlayerView;
			sourceTree = "<group>";
		};
		CE039B042CCD10E500382EB5 /* Extensions */ = {
			isa = PBXGroup;
			children = (
				CE039B052CCD115C00382EB5 /* Padding+.swift */,
			);
			path = Extensions;
			sourceTree = "<group>";
		};
		CE8686372CAF20CB00C141CB = {
			isa = PBXGroup;
			children = (
				CE8686422CAF20CB00C141CB /* m3u8player */,
				CE8686542CAF20CD00C141CB /* m3u8playerTests */,
				CE86865E2CAF20CD00C141CB /* m3u8playerUITests */,
				CE8686412CAF20CB00C141CB /* Products */,
			);
			sourceTree = "<group>";
		};
		CE8686412CAF20CB00C141CB /* Products */ = {
			isa = PBXGroup;
			children = (
				CE8686402CAF20CB00C141CB /* m3u8player.app */,
				CE8686512CAF20CD00C141CB /* m3u8playerTests.xctest */,
				CE86865B2CAF20CD00C141CB /* m3u8playerUITests.xctest */,
			);
			name = Products;
			sourceTree = "<group>";
		};
		CE8686422CAF20CB00C141CB /* m3u8player */ = {
			isa = PBXGroup;
			children = (
				CE039B042CCD10E500382EB5 /* Extensions */,
				CEAB1EBE2CBC636C0095445B /* NetworkAudio */,
				CEAB1EBB2CBC56B10095445B /* Network */,
				CEB507722CBADFD300F0D117 /* MusicPlayer */,
				CEA067DB2CB1D74900E8525F /* Features */,
				CEE657ED2CBAC1CE00C9D2E9 /* View */,
				CE8686722CAF272C00C141CB /* Model */,
				CE8686432CAF20CB00C141CB /* m3u8playerApp.swift */,
				CE8686472CAF20CC00C141CB /* Assets.xcassets */,
				CE8686492CAF20CC00C141CB /* m3u8player.entitlements */,
				CE86864A2CAF20CC00C141CB /* Preview Content */,
			);
			path = m3u8player;
			sourceTree = "<group>";
		};
		CE86864A2CAF20CC00C141CB /* Preview Content */ = {
			isa = PBXGroup;
			children = (
				CE86864B2CAF20CC00C141CB /* Preview Assets.xcassets */,
			);
			path = "Preview Content";
			sourceTree = "<group>";
		};
		CE8686542CAF20CD00C141CB /* m3u8playerTests */ = {
			isa = PBXGroup;
			children = (
				CE8686552CAF20CD00C141CB /* m3u8playerTests.swift */,
			);
			path = m3u8playerTests;
			sourceTree = "<group>";
		};
		CE86865E2CAF20CD00C141CB /* m3u8playerUITests */ = {
			isa = PBXGroup;
			children = (
				CE86865F2CAF20CD00C141CB /* m3u8playerUITests.swift */,
				CE8686612CAF20CD00C141CB /* m3u8playerUITestsLaunchTests.swift */,
			);
			path = m3u8playerUITests;
			sourceTree = "<group>";
		};
		CE8686712CAF213700C141CB /* MainView */ = {
			isa = PBXGroup;
			children = (
				CE8686452CAF20CB00C141CB /* MainView.swift */,
			);
			path = MainView;
			sourceTree = "<group>";
		};
		CE8686722CAF272C00C141CB /* Model */ = {
			isa = PBXGroup;
			children = (
				CEE657E92CBAABAE00C9D2E9 /* BottomNavigationTabItem.swift */,
				CE8686732CAF276400C141CB /* VideoData.swift */,
				CE8686752CAF27F900C141CB /* DummyData.swift */,
			);
			path = Model;
			sourceTree = "<group>";
		};
		CE8686772CAF299100C141CB /* Component */ = {
			isa = PBXGroup;
			children = (
				CE039B012CCCF34E00382EB5 /* PlayerView */,
				CE039B002CCCF33C00382EB5 /* MainView */,
			);
			path = Component;
			sourceTree = "<group>";
		};
		CE86867A2CAF2E4F00C141CB /* PlayerView */ = {
			isa = PBXGroup;
			children = (
				CE86867B2CAF2E7600C141CB /* PlayerView.swift */,
			);
			path = PlayerView;
			sourceTree = "<group>";
		};
		CEA067CF2CB168DC00E8525F /* EditView */ = {
			isa = PBXGroup;
			children = (
				CEA067D02CB168EC00E8525F /* EditView.swift */,
			);
			path = EditView;
			sourceTree = "<group>";
		};
		CEA067D62CB1BB7600E8525F /* AddView */ = {
			isa = PBXGroup;
			children = (
				CEA067D72CB1BB8D00E8525F /* AddView.swift */,
			);
			path = AddView;
			sourceTree = "<group>";
		};
		CEA067DB2CB1D74900E8525F /* Features */ = {
			isa = PBXGroup;
			children = (
				CEB507752CBAE56800F0D117 /* PlayerFeature */,
				CEA067DC2CB1D75C00E8525F /* VideoDataFeature */,
			);
			path = Features;
			sourceTree = "<group>";
		};
		CEA067DC2CB1D75C00E8525F /* VideoDataFeature */ = {
			isa = PBXGroup;
			children = (
				CEA067D92CB1BBF200E8525F /* VideoDataFeature.swift */,
			);
			path = VideoDataFeature;
			sourceTree = "<group>";
		};
		CEAB1EBB2CBC56B10095445B /* Network */ = {
			isa = PBXGroup;
			children = (
				CEAB1EBC2CBC56C60095445B /* NetworkRepositoryImpl.swift */,
				CEAB1EB72CBC55FD0095445B /* NetworkRepository.swift */,
			);
			path = Network;
			sourceTree = "<group>";
		};
		CEAB1EBE2CBC636C0095445B /* NetworkAudio */ = {
			isa = PBXGroup;
			children = (
				CEAB1EBF2CBC637B0095445B /* NetworkAudioHandler.swift */,
			);
			path = NetworkAudio;
			sourceTree = "<group>";
		};
		CEB507722CBADFD300F0D117 /* MusicPlayer */ = {
			isa = PBXGroup;
			children = (
				CEB507732CBAE01A00F0D117 /* MusicPlayer.swift */,
				CE039AFE2CCCE29C00382EB5 /* AVNodeMusicPlayer.swift */,
			);
			path = MusicPlayer;
			sourceTree = "<group>";
		};
		CEB507752CBAE56800F0D117 /* PlayerFeature */ = {
			isa = PBXGroup;
			children = (
				CEB507762CBAE57600F0D117 /* PlayerFeature.swift */,
			);
			path = PlayerFeature;
			sourceTree = "<group>";
		};
		CEE657ED2CBAC1CE00C9D2E9 /* View */ = {
			isa = PBXGroup;
			children = (
				CEE657EE2CBAC4AF00C9D2E9 /* Debug */,
				CE8686772CAF299100C141CB /* Component */,
				CE8686712CAF213700C141CB /* MainView */,
				CE86867A2CAF2E4F00C141CB /* PlayerView */,
				CEA067CF2CB168DC00E8525F /* EditView */,
				CEE657EB2CBABB2600C9D2E9 /* RootView.swift */,
				CEA067D62CB1BB7600E8525F /* AddView */,
			);
			path = View;
			sourceTree = "<group>";
		};
		CEE657EE2CBAC4AF00C9D2E9 /* Debug */ = {
			isa = PBXGroup;
			children = (
				CEE657EF2CBAC4BD00C9D2E9 /* PlaceholderView.swift */,
			);
			path = Debug;
			sourceTree = "<group>";
		};
/* End PBXGroup section */

/* Begin PBXNativeTarget section */
		CE86863F2CAF20CB00C141CB /* m3u8player */ = {
			isa = PBXNativeTarget;
			buildConfigurationList = CE8686652CAF20CD00C141CB /* Build configuration list for PBXNativeTarget "m3u8player" */;
			buildPhases = (
				CE86863C2CAF20CB00C141CB /* Sources */,
				CE86863D2CAF20CB00C141CB /* Frameworks */,
				CE86863E2CAF20CB00C141CB /* Resources */,
			);
			buildRules = (
			);
			dependencies = (
			);
			name = m3u8player;
			packageProductDependencies = (
				CE86866F2CAF20E600C141CB /* ComposableArchitecture */,
			);
			productName = m3u8player;
			productReference = CE8686402CAF20CB00C141CB /* m3u8player.app */;
			productType = "com.apple.product-type.application";
		};
		CE8686502CAF20CD00C141CB /* m3u8playerTests */ = {
			isa = PBXNativeTarget;
			buildConfigurationList = CE8686682CAF20CD00C141CB /* Build configuration list for PBXNativeTarget "m3u8playerTests" */;
			buildPhases = (
				CE86864D2CAF20CD00C141CB /* Sources */,
				CE86864E2CAF20CD00C141CB /* Frameworks */,
				CE86864F2CAF20CD00C141CB /* Resources */,
			);
			buildRules = (
			);
			dependencies = (
				CE8686532CAF20CD00C141CB /* PBXTargetDependency */,
			);
			name = m3u8playerTests;
			productName = m3u8playerTests;
			productReference = CE8686512CAF20CD00C141CB /* m3u8playerTests.xctest */;
			productType = "com.apple.product-type.bundle.unit-test";
		};
		CE86865A2CAF20CD00C141CB /* m3u8playerUITests */ = {
			isa = PBXNativeTarget;
			buildConfigurationList = CE86866B2CAF20CD00C141CB /* Build configuration list for PBXNativeTarget "m3u8playerUITests" */;
			buildPhases = (
				CE8686572CAF20CD00C141CB /* Sources */,
				CE8686582CAF20CD00C141CB /* Frameworks */,
				CE8686592CAF20CD00C141CB /* Resources */,
			);
			buildRules = (
			);
			dependencies = (
				CE86865D2CAF20CD00C141CB /* PBXTargetDependency */,
			);
			name = m3u8playerUITests;
			productName = m3u8playerUITests;
			productReference = CE86865B2CAF20CD00C141CB /* m3u8playerUITests.xctest */;
			productType = "com.apple.product-type.bundle.ui-testing";
		};
/* End PBXNativeTarget section */

/* Begin PBXProject section */
		CE8686382CAF20CB00C141CB /* Project object */ = {
			isa = PBXProject;
			attributes = {
				BuildIndependentTargetsInParallel = 1;
				LastSwiftUpdateCheck = 1540;
				LastUpgradeCheck = 1540;
				TargetAttributes = {
					CE86863F2CAF20CB00C141CB = {
						CreatedOnToolsVersion = 15.4;
					};
					CE8686502CAF20CD00C141CB = {
						CreatedOnToolsVersion = 15.4;
						TestTargetID = CE86863F2CAF20CB00C141CB;
					};
					CE86865A2CAF20CD00C141CB = {
						CreatedOnToolsVersion = 15.4;
						TestTargetID = CE86863F2CAF20CB00C141CB;
					};
				};
			};
			buildConfigurationList = CE86863B2CAF20CB00C141CB /* Build configuration list for PBXProject "m3u8player" */;
			compatibilityVersion = "Xcode 14.0";
			developmentRegion = en;
			hasScannedForEncodings = 0;
			knownRegions = (
				en,
				Base,
			);
			mainGroup = CE8686372CAF20CB00C141CB;
			packageReferences = (
				CE86866E2CAF20E600C141CB /* XCRemoteSwiftPackageReference "swift-composable-architecture" */,
			);
			productRefGroup = CE8686412CAF20CB00C141CB /* Products */;
			projectDirPath = "";
			projectRoot = "";
			targets = (
				CE86863F2CAF20CB00C141CB /* m3u8player */,
				CE8686502CAF20CD00C141CB /* m3u8playerTests */,
				CE86865A2CAF20CD00C141CB /* m3u8playerUITests */,
			);
		};
/* End PBXProject section */

/* Begin PBXResourcesBuildPhase section */
		CE86863E2CAF20CB00C141CB /* Resources */ = {
			isa = PBXResourcesBuildPhase;
			buildActionMask = 2147483647;
			files = (
				CE86864C2CAF20CC00C141CB /* Preview Assets.xcassets in Resources */,
				CE8686482CAF20CC00C141CB /* Assets.xcassets in Resources */,
			);
			runOnlyForDeploymentPostprocessing = 0;
		};
		CE86864F2CAF20CD00C141CB /* Resources */ = {
			isa = PBXResourcesBuildPhase;
			buildActionMask = 2147483647;
			files = (
			);
			runOnlyForDeploymentPostprocessing = 0;
		};
		CE8686592CAF20CD00C141CB /* Resources */ = {
			isa = PBXResourcesBuildPhase;
			buildActionMask = 2147483647;
			files = (
			);
			runOnlyForDeploymentPostprocessing = 0;
		};
/* End PBXResourcesBuildPhase section */

/* Begin PBXSourcesBuildPhase section */
		CE86863C2CAF20CB00C141CB /* Sources */ = {
			isa = PBXSourcesBuildPhase;
			buildActionMask = 2147483647;
			files = (
				CE039B032CCCF39F00382EB5 /* MainPlayerView.swift in Sources */,
				CEB507742CBAE01D00F0D117 /* MusicPlayer.swift in Sources */,
				CE8686762CAF27F900C141CB /* DummyData.swift in Sources */,
				CE8686462CAF20CB00C141CB /* MainView.swift in Sources */,
				CEA067D82CB1BB8D00E8525F /* AddView.swift in Sources */,
				CEB507792CBB165000F0D117 /* CustomSlider.swift in Sources */,
				CE8686792CAF29AA00C141CB /* Card.swift in Sources */,
				CE039B082CCD18AD00382EB5 /* KnoblessProgressbar.swift in Sources */,
				CE86867C2CAF2E7600C141CB /* PlayerView.swift in Sources */,
				CEA067D12CB168EC00E8525F /* EditView.swift in Sources */,
				CEAB1EC02CBC63810095445B /* NetworkAudioHandler.swift in Sources */,
				CEB507772CBAE57C00F0D117 /* PlayerFeature.swift in Sources */,
				CEE657EA2CBAABBE00C9D2E9 /* BottomNavigationTabItem.swift in Sources */,
				CE8686442CAF20CB00C141CB /* m3u8playerApp.swift in Sources */,
				CEA067DA2CB1BBF200E8525F /* VideoDataFeature.swift in Sources */,
				CEAB1EB92CBC56090095445B /* NetworkRepository.swift in Sources */,
				CE8686742CAF276400C141CB /* VideoData.swift in Sources */,
				CEE657EC2CBABB2A00C9D2E9 /* RootView.swift in Sources */,
				CEAB1EBD2CBC56CD0095445B /* NetworkRepositoryImpl.swift in Sources */,
				CE039B062CCD126800382EB5 /* Padding+.swift in Sources */,
				CEE657F02CBAC4C100C9D2E9 /* PlaceholderView.swift in Sources */,
				CE039AFF2CCCE29C00382EB5 /* AVNodeMusicPlayer.swift in Sources */,
			);
			runOnlyForDeploymentPostprocessing = 0;
		};
		CE86864D2CAF20CD00C141CB /* Sources */ = {
			isa = PBXSourcesBuildPhase;
			buildActionMask = 2147483647;
			files = (
				CE8686562CAF20CD00C141CB /* m3u8playerTests.swift in Sources */,
			);
			runOnlyForDeploymentPostprocessing = 0;
		};
		CE8686572CAF20CD00C141CB /* Sources */ = {
			isa = PBXSourcesBuildPhase;
			buildActionMask = 2147483647;
			files = (
				CE8686622CAF20CD00C141CB /* m3u8playerUITestsLaunchTests.swift in Sources */,
				CE8686602CAF20CD00C141CB /* m3u8playerUITests.swift in Sources */,
			);
			runOnlyForDeploymentPostprocessing = 0;
		};
/* End PBXSourcesBuildPhase section */

/* Begin PBXTargetDependency section */
		CE8686532CAF20CD00C141CB /* PBXTargetDependency */ = {
			isa = PBXTargetDependency;
			target = CE86863F2CAF20CB00C141CB /* m3u8player */;
			targetProxy = CE8686522CAF20CD00C141CB /* PBXContainerItemProxy */;
		};
		CE86865D2CAF20CD00C141CB /* PBXTargetDependency */ = {
			isa = PBXTargetDependency;
			target = CE86863F2CAF20CB00C141CB /* m3u8player */;
			targetProxy = CE86865C2CAF20CD00C141CB /* PBXContainerItemProxy */;
		};
/* End PBXTargetDependency section */

/* Begin XCBuildConfiguration section */
		CE8686632CAF20CD00C141CB /* Debug */ = {
			isa = XCBuildConfiguration;
			buildSettings = {
				ALWAYS_SEARCH_USER_PATHS = NO;
				ASSETCATALOG_COMPILER_GENERATE_SWIFT_ASSET_SYMBOL_EXTENSIONS = YES;
				CLANG_ANALYZER_NONNULL = YES;
				CLANG_ANALYZER_NUMBER_OBJECT_CONVERSION = YES_AGGRESSIVE;
				CLANG_CXX_LANGUAGE_STANDARD = "gnu++20";
				CLANG_ENABLE_MODULES = YES;
				CLANG_ENABLE_OBJC_ARC = YES;
				CLANG_ENABLE_OBJC_WEAK = YES;
				CLANG_WARN_BLOCK_CAPTURE_AUTORELEASING = YES;
				CLANG_WARN_BOOL_CONVERSION = YES;
				CLANG_WARN_COMMA = YES;
				CLANG_WARN_CONSTANT_CONVERSION = YES;
				CLANG_WARN_DEPRECATED_OBJC_IMPLEMENTATIONS = YES;
				CLANG_WARN_DIRECT_OBJC_ISA_USAGE = YES_ERROR;
				CLANG_WARN_DOCUMENTATION_COMMENTS = YES;
				CLANG_WARN_EMPTY_BODY = YES;
				CLANG_WARN_ENUM_CONVERSION = YES;
				CLANG_WARN_INFINITE_RECURSION = YES;
				CLANG_WARN_INT_CONVERSION = YES;
				CLANG_WARN_NON_LITERAL_NULL_CONVERSION = YES;
				CLANG_WARN_OBJC_IMPLICIT_RETAIN_SELF = YES;
				CLANG_WARN_OBJC_LITERAL_CONVERSION = YES;
				CLANG_WARN_OBJC_ROOT_CLASS = YES_ERROR;
				CLANG_WARN_QUOTED_INCLUDE_IN_FRAMEWORK_HEADER = YES;
				CLANG_WARN_RANGE_LOOP_ANALYSIS = YES;
				CLANG_WARN_STRICT_PROTOTYPES = YES;
				CLANG_WARN_SUSPICIOUS_MOVE = YES;
				CLANG_WARN_UNGUARDED_AVAILABILITY = YES_AGGRESSIVE;
				CLANG_WARN_UNREACHABLE_CODE = YES;
				CLANG_WARN__DUPLICATE_METHOD_MATCH = YES;
				COPY_PHASE_STRIP = NO;
				DEBUG_INFORMATION_FORMAT = dwarf;
				ENABLE_STRICT_OBJC_MSGSEND = YES;
				ENABLE_TESTABILITY = YES;
				ENABLE_USER_SCRIPT_SANDBOXING = YES;
				GCC_C_LANGUAGE_STANDARD = gnu17;
				GCC_DYNAMIC_NO_PIC = NO;
				GCC_NO_COMMON_BLOCKS = YES;
				GCC_OPTIMIZATION_LEVEL = 0;
				GCC_PREPROCESSOR_DEFINITIONS = (
					"DEBUG=1",
					"$(inherited)",
				);
				GCC_WARN_64_TO_32_BIT_CONVERSION = YES;
				GCC_WARN_ABOUT_RETURN_TYPE = YES_ERROR;
				GCC_WARN_UNDECLARED_SELECTOR = YES;
				GCC_WARN_UNINITIALIZED_AUTOS = YES_AGGRESSIVE;
				GCC_WARN_UNUSED_FUNCTION = YES;
				GCC_WARN_UNUSED_VARIABLE = YES;
				LOCALIZATION_PREFERS_STRING_CATALOGS = YES;
				MTL_ENABLE_DEBUG_INFO = INCLUDE_SOURCE;
				MTL_FAST_MATH = YES;
				ONLY_ACTIVE_ARCH = YES;
				SWIFT_ACTIVE_COMPILATION_CONDITIONS = "DEBUG $(inherited)";
				SWIFT_OPTIMIZATION_LEVEL = "-Onone";
			};
			name = Debug;
		};
		CE8686642CAF20CD00C141CB /* Release */ = {
			isa = XCBuildConfiguration;
			buildSettings = {
				ALWAYS_SEARCH_USER_PATHS = NO;
				ASSETCATALOG_COMPILER_GENERATE_SWIFT_ASSET_SYMBOL_EXTENSIONS = YES;
				CLANG_ANALYZER_NONNULL = YES;
				CLANG_ANALYZER_NUMBER_OBJECT_CONVERSION = YES_AGGRESSIVE;
				CLANG_CXX_LANGUAGE_STANDARD = "gnu++20";
				CLANG_ENABLE_MODULES = YES;
				CLANG_ENABLE_OBJC_ARC = YES;
				CLANG_ENABLE_OBJC_WEAK = YES;
				CLANG_WARN_BLOCK_CAPTURE_AUTORELEASING = YES;
				CLANG_WARN_BOOL_CONVERSION = YES;
				CLANG_WARN_COMMA = YES;
				CLANG_WARN_CONSTANT_CONVERSION = YES;
				CLANG_WARN_DEPRECATED_OBJC_IMPLEMENTATIONS = YES;
				CLANG_WARN_DIRECT_OBJC_ISA_USAGE = YES_ERROR;
				CLANG_WARN_DOCUMENTATION_COMMENTS = YES;
				CLANG_WARN_EMPTY_BODY = YES;
				CLANG_WARN_ENUM_CONVERSION = YES;
				CLANG_WARN_INFINITE_RECURSION = YES;
				CLANG_WARN_INT_CONVERSION = YES;
				CLANG_WARN_NON_LITERAL_NULL_CONVERSION = YES;
				CLANG_WARN_OBJC_IMPLICIT_RETAIN_SELF = YES;
				CLANG_WARN_OBJC_LITERAL_CONVERSION = YES;
				CLANG_WARN_OBJC_ROOT_CLASS = YES_ERROR;
				CLANG_WARN_QUOTED_INCLUDE_IN_FRAMEWORK_HEADER = YES;
				CLANG_WARN_RANGE_LOOP_ANALYSIS = YES;
				CLANG_WARN_STRICT_PROTOTYPES = YES;
				CLANG_WARN_SUSPICIOUS_MOVE = YES;
				CLANG_WARN_UNGUARDED_AVAILABILITY = YES_AGGRESSIVE;
				CLANG_WARN_UNREACHABLE_CODE = YES;
				CLANG_WARN__DUPLICATE_METHOD_MATCH = YES;
				COPY_PHASE_STRIP = NO;
				DEBUG_INFORMATION_FORMAT = "dwarf-with-dsym";
				ENABLE_NS_ASSERTIONS = NO;
				ENABLE_STRICT_OBJC_MSGSEND = YES;
				ENABLE_USER_SCRIPT_SANDBOXING = YES;
				GCC_C_LANGUAGE_STANDARD = gnu17;
				GCC_NO_COMMON_BLOCKS = YES;
				GCC_WARN_64_TO_32_BIT_CONVERSION = YES;
				GCC_WARN_ABOUT_RETURN_TYPE = YES_ERROR;
				GCC_WARN_UNDECLARED_SELECTOR = YES;
				GCC_WARN_UNINITIALIZED_AUTOS = YES_AGGRESSIVE;
				GCC_WARN_UNUSED_FUNCTION = YES;
				GCC_WARN_UNUSED_VARIABLE = YES;
				LOCALIZATION_PREFERS_STRING_CATALOGS = YES;
				MTL_ENABLE_DEBUG_INFO = NO;
				MTL_FAST_MATH = YES;
				SWIFT_COMPILATION_MODE = wholemodule;
			};
			name = Release;
		};
		CE8686662CAF20CD00C141CB /* Debug */ = {
			isa = XCBuildConfiguration;
			buildSettings = {
				ASSETCATALOG_COMPILER_APPICON_NAME = AppIcon;
				ASSETCATALOG_COMPILER_GLOBAL_ACCENT_COLOR_NAME = AccentColor;
				CODE_SIGN_ENTITLEMENTS = m3u8player/m3u8player.entitlements;
				CODE_SIGN_IDENTITY = "Apple Development";
				CODE_SIGN_STYLE = Automatic;
				CURRENT_PROJECT_VERSION = 1;
				DEVELOPMENT_ASSET_PATHS = "\"m3u8player/Preview Content\"";
				DEVELOPMENT_TEAM = D44U773BCL;
				ENABLE_PREVIEWS = YES;
				GENERATE_INFOPLIST_FILE = YES;
				"INFOPLIST_KEY_UIApplicationSceneManifest_Generation[sdk=iphoneos*]" = YES;
				"INFOPLIST_KEY_UIApplicationSceneManifest_Generation[sdk=iphonesimulator*]" = YES;
				"INFOPLIST_KEY_UIApplicationSupportsIndirectInputEvents[sdk=iphoneos*]" = YES;
				"INFOPLIST_KEY_UIApplicationSupportsIndirectInputEvents[sdk=iphonesimulator*]" = YES;
				"INFOPLIST_KEY_UILaunchScreen_Generation[sdk=iphoneos*]" = YES;
				"INFOPLIST_KEY_UILaunchScreen_Generation[sdk=iphonesimulator*]" = YES;
				"INFOPLIST_KEY_UIStatusBarStyle[sdk=iphoneos*]" = UIStatusBarStyleDefault;
				"INFOPLIST_KEY_UIStatusBarStyle[sdk=iphonesimulator*]" = UIStatusBarStyleDefault;
				INFOPLIST_KEY_UISupportedInterfaceOrientations_iPad = "UIInterfaceOrientationPortrait UIInterfaceOrientationPortraitUpsideDown UIInterfaceOrientationLandscapeLeft UIInterfaceOrientationLandscapeRight";
				INFOPLIST_KEY_UISupportedInterfaceOrientations_iPhone = "UIInterfaceOrientationPortrait UIInterfaceOrientationLandscapeLeft UIInterfaceOrientationLandscapeRight";
				IPHONEOS_DEPLOYMENT_TARGET = 17.5;
				LD_RUNPATH_SEARCH_PATHS = "@executable_path/Frameworks";
				"LD_RUNPATH_SEARCH_PATHS[sdk=macosx*]" = "@executable_path/../Frameworks";
				MACOSX_DEPLOYMENT_TARGET = 14.5;
				MARKETING_VERSION = 1.0;
				PRODUCT_BUNDLE_IDENTIFIER = com.kaitokitaya.m3u8player;
				PRODUCT_NAME = "$(TARGET_NAME)";
				PROVISIONING_PROFILE_SPECIFIER = "";
				SDKROOT = auto;
				SUPPORTED_PLATFORMS = "iphoneos iphonesimulator macosx";
				SWIFT_EMIT_LOC_STRINGS = YES;
				SWIFT_VERSION = 5.0;
				TARGETED_DEVICE_FAMILY = "1,2";
			};
			name = Debug;
		};
		CE8686672CAF20CD00C141CB /* Release */ = {
			isa = XCBuildConfiguration;
			buildSettings = {
				ASSETCATALOG_COMPILER_APPICON_NAME = AppIcon;
				ASSETCATALOG_COMPILER_GLOBAL_ACCENT_COLOR_NAME = AccentColor;
				CODE_SIGN_ENTITLEMENTS = m3u8player/m3u8player.entitlements;
				CODE_SIGN_IDENTITY = "Apple Development";
				CODE_SIGN_STYLE = Automatic;
				CURRENT_PROJECT_VERSION = 1;
				DEVELOPMENT_ASSET_PATHS = "\"m3u8player/Preview Content\"";
				DEVELOPMENT_TEAM = D44U773BCL;
				ENABLE_PREVIEWS = YES;
				GENERATE_INFOPLIST_FILE = YES;
				"INFOPLIST_KEY_UIApplicationSceneManifest_Generation[sdk=iphoneos*]" = YES;
				"INFOPLIST_KEY_UIApplicationSceneManifest_Generation[sdk=iphonesimulator*]" = YES;
				"INFOPLIST_KEY_UIApplicationSupportsIndirectInputEvents[sdk=iphoneos*]" = YES;
				"INFOPLIST_KEY_UIApplicationSupportsIndirectInputEvents[sdk=iphonesimulator*]" = YES;
				"INFOPLIST_KEY_UILaunchScreen_Generation[sdk=iphoneos*]" = YES;
				"INFOPLIST_KEY_UILaunchScreen_Generation[sdk=iphonesimulator*]" = YES;
				"INFOPLIST_KEY_UIStatusBarStyle[sdk=iphoneos*]" = UIStatusBarStyleDefault;
				"INFOPLIST_KEY_UIStatusBarStyle[sdk=iphonesimulator*]" = UIStatusBarStyleDefault;
				INFOPLIST_KEY_UISupportedInterfaceOrientations_iPad = "UIInterfaceOrientationPortrait UIInterfaceOrientationPortraitUpsideDown UIInterfaceOrientationLandscapeLeft UIInterfaceOrientationLandscapeRight";
				INFOPLIST_KEY_UISupportedInterfaceOrientations_iPhone = "UIInterfaceOrientationPortrait UIInterfaceOrientationLandscapeLeft UIInterfaceOrientationLandscapeRight";
				IPHONEOS_DEPLOYMENT_TARGET = 17.5;
				LD_RUNPATH_SEARCH_PATHS = "@executable_path/Frameworks";
				"LD_RUNPATH_SEARCH_PATHS[sdk=macosx*]" = "@executable_path/../Frameworks";
				MACOSX_DEPLOYMENT_TARGET = 14.5;
				MARKETING_VERSION = 1.0;
				PRODUCT_BUNDLE_IDENTIFIER = com.kaitokitaya.m3u8player;
				PRODUCT_NAME = "$(TARGET_NAME)";
				PROVISIONING_PROFILE_SPECIFIER = "";
				SDKROOT = auto;
				SUPPORTED_PLATFORMS = "iphoneos iphonesimulator macosx";
				SWIFT_EMIT_LOC_STRINGS = YES;
				SWIFT_VERSION = 5.0;
				TARGETED_DEVICE_FAMILY = "1,2";
			};
			name = Release;
		};
		CE8686692CAF20CD00C141CB /* Debug */ = {
			isa = XCBuildConfiguration;
			buildSettings = {
				ALWAYS_EMBED_SWIFT_STANDARD_LIBRARIES = YES;
				BUNDLE_LOADER = "$(TEST_HOST)";
				CODE_SIGN_STYLE = Automatic;
				CURRENT_PROJECT_VERSION = 1;
				DEVELOPMENT_TEAM = D44U773BCL;
				GENERATE_INFOPLIST_FILE = YES;
				IPHONEOS_DEPLOYMENT_TARGET = 17.5;
				MACOSX_DEPLOYMENT_TARGET = 14.5;
				MARKETING_VERSION = 1.0;
				PRODUCT_BUNDLE_IDENTIFIER = com.kaitokitaya.m3u8playerTests;
				PRODUCT_NAME = "$(TARGET_NAME)";
				SDKROOT = auto;
				SUPPORTED_PLATFORMS = "iphoneos iphonesimulator macosx";
				SWIFT_EMIT_LOC_STRINGS = NO;
				SWIFT_VERSION = 5.0;
				TARGETED_DEVICE_FAMILY = "1,2";
				TEST_HOST = "$(BUILT_PRODUCTS_DIR)/m3u8player.app/$(BUNDLE_EXECUTABLE_FOLDER_PATH)/m3u8player";
			};
			name = Debug;
		};
		CE86866A2CAF20CD00C141CB /* Release */ = {
			isa = XCBuildConfiguration;
			buildSettings = {
				ALWAYS_EMBED_SWIFT_STANDARD_LIBRARIES = YES;
				BUNDLE_LOADER = "$(TEST_HOST)";
				CODE_SIGN_STYLE = Automatic;
				CURRENT_PROJECT_VERSION = 1;
				DEVELOPMENT_TEAM = D44U773BCL;
				GENERATE_INFOPLIST_FILE = YES;
				IPHONEOS_DEPLOYMENT_TARGET = 17.5;
				MACOSX_DEPLOYMENT_TARGET = 14.5;
				MARKETING_VERSION = 1.0;
				PRODUCT_BUNDLE_IDENTIFIER = com.kaitokitaya.m3u8playerTests;
				PRODUCT_NAME = "$(TARGET_NAME)";
				SDKROOT = auto;
				SUPPORTED_PLATFORMS = "iphoneos iphonesimulator macosx";
				SWIFT_EMIT_LOC_STRINGS = NO;
				SWIFT_VERSION = 5.0;
				TARGETED_DEVICE_FAMILY = "1,2";
				TEST_HOST = "$(BUILT_PRODUCTS_DIR)/m3u8player.app/$(BUNDLE_EXECUTABLE_FOLDER_PATH)/m3u8player";
			};
			name = Release;
		};
		CE86866C2CAF20CD00C141CB /* Debug */ = {
			isa = XCBuildConfiguration;
			buildSettings = {
				ALWAYS_EMBED_SWIFT_STANDARD_LIBRARIES = YES;
				CODE_SIGN_STYLE = Automatic;
				CURRENT_PROJECT_VERSION = 1;
				DEVELOPMENT_TEAM = D44U773BCL;
				GENERATE_INFOPLIST_FILE = YES;
				IPHONEOS_DEPLOYMENT_TARGET = 17.5;
				MACOSX_DEPLOYMENT_TARGET = 14.5;
				MARKETING_VERSION = 1.0;
				PRODUCT_BUNDLE_IDENTIFIER = com.kaitokitaya.m3u8playerUITests;
				PRODUCT_NAME = "$(TARGET_NAME)";
				SDKROOT = auto;
				SUPPORTED_PLATFORMS = "iphoneos iphonesimulator macosx";
				SWIFT_EMIT_LOC_STRINGS = NO;
				SWIFT_VERSION = 5.0;
				TARGETED_DEVICE_FAMILY = "1,2";
				TEST_TARGET_NAME = m3u8player;
			};
			name = Debug;
		};
		CE86866D2CAF20CD00C141CB /* Release */ = {
			isa = XCBuildConfiguration;
			buildSettings = {
				ALWAYS_EMBED_SWIFT_STANDARD_LIBRARIES = YES;
				CODE_SIGN_STYLE = Automatic;
				CURRENT_PROJECT_VERSION = 1;
				DEVELOPMENT_TEAM = D44U773BCL;
				GENERATE_INFOPLIST_FILE = YES;
				IPHONEOS_DEPLOYMENT_TARGET = 17.5;
				MACOSX_DEPLOYMENT_TARGET = 14.5;
				MARKETING_VERSION = 1.0;
				PRODUCT_BUNDLE_IDENTIFIER = com.kaitokitaya.m3u8playerUITests;
				PRODUCT_NAME = "$(TARGET_NAME)";
				SDKROOT = auto;
				SUPPORTED_PLATFORMS = "iphoneos iphonesimulator macosx";
				SWIFT_EMIT_LOC_STRINGS = NO;
				SWIFT_VERSION = 5.0;
				TARGETED_DEVICE_FAMILY = "1,2";
				TEST_TARGET_NAME = m3u8player;
			};
			name = Release;
		};
/* End XCBuildConfiguration section */

/* Begin XCConfigurationList section */
		CE86863B2CAF20CB00C141CB /* Build configuration list for PBXProject "m3u8player" */ = {
			isa = XCConfigurationList;
			buildConfigurations = (
				CE8686632CAF20CD00C141CB /* Debug */,
				CE8686642CAF20CD00C141CB /* Release */,
			);
			defaultConfigurationIsVisible = 0;
			defaultConfigurationName = Release;
		};
		CE8686652CAF20CD00C141CB /* Build configuration list for PBXNativeTarget "m3u8player" */ = {
			isa = XCConfigurationList;
			buildConfigurations = (
				CE8686662CAF20CD00C141CB /* Debug */,
				CE8686672CAF20CD00C141CB /* Release */,
			);
			defaultConfigurationIsVisible = 0;
			defaultConfigurationName = Release;
		};
		CE8686682CAF20CD00C141CB /* Build configuration list for PBXNativeTarget "m3u8playerTests" */ = {
			isa = XCConfigurationList;
			buildConfigurations = (
				CE8686692CAF20CD00C141CB /* Debug */,
				CE86866A2CAF20CD00C141CB /* Release */,
			);
			defaultConfigurationIsVisible = 0;
			defaultConfigurationName = Release;
		};
		CE86866B2CAF20CD00C141CB /* Build configuration list for PBXNativeTarget "m3u8playerUITests" */ = {
			isa = XCConfigurationList;
			buildConfigurations = (
				CE86866C2CAF20CD00C141CB /* Debug */,
				CE86866D2CAF20CD00C141CB /* Release */,
			);
			defaultConfigurationIsVisible = 0;
			defaultConfigurationName = Release;
		};
/* End XCConfigurationList section */

/* Begin XCRemoteSwiftPackageReference section */
		CE86866E2CAF20E600C141CB /* XCRemoteSwiftPackageReference "swift-composable-architecture" */ = {
			isa = XCRemoteSwiftPackageReference;
			repositoryURL = "https://github.com/pointfreeco/swift-composable-architecture";
			requirement = {
				kind = upToNextMajorVersion;
				minimumVersion = 1.15.0;
			};
		};
/* End XCRemoteSwiftPackageReference section */

/* Begin XCSwiftPackageProductDependency section */
		CE86866F2CAF20E600C141CB /* ComposableArchitecture */ = {
			isa = XCSwiftPackageProductDependency;
			package = CE86866E2CAF20E600C141CB /* XCRemoteSwiftPackageReference "swift-composable-architecture" */;
			productName = ComposableArchitecture;
		};
/* End XCSwiftPackageProductDependency section */
	};
	rootObject = CE8686382CAF20CB00C141CB /* Project object */;
}
